// !$*UTF8*$!
{
	archiveVersion = 1;
	classes = {
	};
	objectVersion = 56;
	objects = {

/* Begin PBXBuildFile section */
		C12B072F2C84EABE001CCD61 /* SDWebImageSwiftUI in Frameworks */ = {isa = PBXBuildFile; productRef = C12B072E2C84EABE001CCD61 /* SDWebImageSwiftUI */; };
		C12B07312C84EAC9001CCD61 /* Constants.swift in Sources */ = {isa = PBXBuildFile; fileRef = C12B07302C84EAC9001CCD61 /* Constants.swift */; };
		C12B07332C84EB0A001CCD61 /* ImageLoader.swift in Sources */ = {isa = PBXBuildFile; fileRef = C12B07322C84EB0A001CCD61 /* ImageLoader.swift */; };
		C12B07352C84EB75001CCD61 /* CoinListCell .swift in Sources */ = {isa = PBXBuildFile; fileRef = C12B07342C84EB75001CCD61 /* CoinListCell .swift */; };
		C12B07372C84F0CF001CCD61 /* TopCoinsList .swift in Sources */ = {isa = PBXBuildFile; fileRef = C12B07362C84F0CF001CCD61 /* TopCoinsList .swift */; };
		C15818482C91BF95007BBE2E /* AddCoinView.swift in Sources */ = {isa = PBXBuildFile; fileRef = C15818472C91BF95007BBE2E /* AddCoinView.swift */; };
		C158184A2C91C0EA007BBE2E /* AddCoinCell .swift in Sources */ = {isa = PBXBuildFile; fileRef = C15818492C91C0EA007BBE2E /* AddCoinCell .swift */; };
		C1591ECA2C85E8E0007BA558 /* CoinsViewModel.swift in Sources */ = {isa = PBXBuildFile; fileRef = C1591EC92C85E8E0007BA558 /* CoinsViewModel.swift */; };
		C1591ECC2C85FDCA007BA558 /* TabView .swift in Sources */ = {isa = PBXBuildFile; fileRef = C1591ECB2C85FDCA007BA558 /* TabView .swift */; };
		C15BF9882C94860500DF6ACB /* UserPortfolioCell .swift in Sources */ = {isa = PBXBuildFile; fileRef = C15BF9872C94860500DF6ACB /* UserPortfolioCell .swift */; };
		C15BF98A2C94876700DF6ACB /* UserPortfolioView.swift in Sources */ = {isa = PBXBuildFile; fileRef = C15BF9892C94876700DF6ACB /* UserPortfolioView.swift */; };
		C16698742C9C51CB00308311 /* LaunchScreen.storyboard in Resources */ = {isa = PBXBuildFile; fileRef = C16698732C9C51CB00308311 /* LaunchScreen.storyboard */; };
		C16D08DC2C8DCB7600745D51 /* Double.swift in Sources */ = {isa = PBXBuildFile; fileRef = C16D08DB2C8DCB7600745D51 /* Double.swift */; };
		C16D08DF2C8DDE7C00745D51 /* AppInfo .swift in Sources */ = {isa = PBXBuildFile; fileRef = C16D08DE2C8DDE7C00745D51 /* AppInfo .swift */; };
		C18793CF2C81FF24006CCAB6 /* CoinService .swift in Sources */ = {isa = PBXBuildFile; fileRef = C18793CE2C81FF24006CCAB6 /* CoinService .swift */; };
		C18793D12C81FF4D006CCAB6 /* CoinModel.swift in Sources */ = {isa = PBXBuildFile; fileRef = C18793D02C81FF4D006CCAB6 /* CoinModel.swift */; };
		C18793D32C82022D006CCAB6 /* ErrorCases.swift in Sources */ = {isa = PBXBuildFile; fileRef = C18793D22C82022D006CCAB6 /* ErrorCases.swift */; };
		C18793D52C8204D1006CCAB6 /* HomeViewModel.swift in Sources */ = {isa = PBXBuildFile; fileRef = C18793D42C8204D1006CCAB6 /* HomeViewModel.swift */; };
		C18793D72C820910006CCAB6 /* UserBalanceView .swift in Sources */ = {isa = PBXBuildFile; fileRef = C18793D62C820910006CCAB6 /* UserBalanceView .swift */; };
		C19CD3172C8F43CE00F295CB /* FavoritesView.swift in Sources */ = {isa = PBXBuildFile; fileRef = C19CD3162C8F43CE00F295CB /* FavoritesView.swift */; };
		C19CD31D2C8F4CB400F295CB /* FavoriteViewModel .swift in Sources */ = {isa = PBXBuildFile; fileRef = C19CD31C2C8F4CB400F295CB /* FavoriteViewModel .swift */; };
		C19CD31F2C8F547800F295CB /* FavoriteCoinsListView .swift in Sources */ = {isa = PBXBuildFile; fileRef = C19CD31E2C8F547800F295CB /* FavoriteCoinsListView .swift */; };
		C1A252DA2C9320A800C4FB8D /* UserPortfolioContainer.xcdatamodeld in Sources */ = {isa = PBXBuildFile; fileRef = C1A252D82C9320A800C4FB8D /* UserPortfolioContainer.xcdatamodeld */; };
		C1A252DC2C93218400C4FB8D /* UserPortfolioDataService .swift in Sources */ = {isa = PBXBuildFile; fileRef = C1A252DB2C93218400C4FB8D /* UserPortfolioDataService .swift */; };
		C1A252E02C9337DB00C4FB8D /* UserPortfolioModel .swift in Sources */ = {isa = PBXBuildFile; fileRef = C1A252DF2C9337DB00C4FB8D /* UserPortfolioModel .swift */; };
		C1B6597C2C8A0F5600DB940E /* LineChartView .swift in Sources */ = {isa = PBXBuildFile; fileRef = C1B6597B2C8A0F5600DB940E /* LineChartView .swift */; };
		C1B6597F2C8A1E6F00DB940E /* Date.swift in Sources */ = {isa = PBXBuildFile; fileRef = C1B6597E2C8A1E6F00DB940E /* Date.swift */; };
		C1B823CC2C99BD04005146B3 /* Lottie in Frameworks */ = {isa = PBXBuildFile; productRef = C1B823CB2C99BD04005146B3 /* Lottie */; };
		C1B823CE2C99BD24005146B3 /* SplashLaunchScreen.swift in Sources */ = {isa = PBXBuildFile; fileRef = C1B823CD2C99BD24005146B3 /* SplashLaunchScreen.swift */; };
		C1B9041B2C8B5BF200F5EF08 /* CoinDetailsView .swift in Sources */ = {isa = PBXBuildFile; fileRef = C1B9041A2C8B5BF200F5EF08 /* CoinDetailsView .swift */; };
		C1B9041F2C8B677400F5EF08 /* HomeCoinListCell .swift in Sources */ = {isa = PBXBuildFile; fileRef = C1B9041E2C8B677400F5EF08 /* HomeCoinListCell .swift */; };
		C1CC52232C80E1F10060E47A /* CryptoPocketApp.swift in Sources */ = {isa = PBXBuildFile; fileRef = C1CC52222C80E1F10060E47A /* CryptoPocketApp.swift */; };
		C1CC52272C80E1F20060E47A /* Assets.xcassets in Resources */ = {isa = PBXBuildFile; fileRef = C1CC52262C80E1F20060E47A /* Assets.xcassets */; };
		C1CC522A2C80E1F20060E47A /* Preview Assets.xcassets in Resources */ = {isa = PBXBuildFile; fileRef = C1CC52292C80E1F20060E47A /* Preview Assets.xcassets */; };
		C1D0437C2C81F9D000CE1332 /* HeaderView.swift in Sources */ = {isa = PBXBuildFile; fileRef = C1D0437B2C81F9D000CE1332 /* HeaderView.swift */; };
		C1D0437E2C81FBBB00CE1332 /* HomeView .swift in Sources */ = {isa = PBXBuildFile; fileRef = C1D0437D2C81FBBB00CE1332 /* HomeView .swift */; };
		C1DD7D732C87485200EB550C /* FavoriteCoinCell .swift in Sources */ = {isa = PBXBuildFile; fileRef = C1DD7D722C87485200EB550C /* FavoriteCoinCell .swift */; };
		C1DD7D772C8753DB00EB550C /* CoinOverviewView .swift in Sources */ = {isa = PBXBuildFile; fileRef = C1DD7D762C8753DB00EB550C /* CoinOverviewView .swift */; };
		C1DD7D7A2C8754D400EB550C /* DetailViewModel .swift in Sources */ = {isa = PBXBuildFile; fileRef = C1DD7D792C8754D400EB550C /* DetailViewModel .swift */; };
/* End PBXBuildFile section */

/* Begin PBXFileReference section */
		C12B07302C84EAC9001CCD61 /* Constants.swift */ = {isa = PBXFileReference; lastKnownFileType = sourcecode.swift; path = Constants.swift; sourceTree = "<group>"; };
		C12B07322C84EB0A001CCD61 /* ImageLoader.swift */ = {isa = PBXFileReference; lastKnownFileType = sourcecode.swift; path = ImageLoader.swift; sourceTree = "<group>"; };
		C12B07342C84EB75001CCD61 /* CoinListCell .swift */ = {isa = PBXFileReference; lastKnownFileType = sourcecode.swift; path = "CoinListCell .swift"; sourceTree = "<group>"; };
		C12B07362C84F0CF001CCD61 /* TopCoinsList .swift */ = {isa = PBXFileReference; lastKnownFileType = sourcecode.swift; path = "TopCoinsList .swift"; sourceTree = "<group>"; };
		C15818472C91BF95007BBE2E /* AddCoinView.swift */ = {isa = PBXFileReference; lastKnownFileType = sourcecode.swift; path = AddCoinView.swift; sourceTree = "<group>"; };
		C15818492C91C0EA007BBE2E /* AddCoinCell .swift */ = {isa = PBXFileReference; lastKnownFileType = sourcecode.swift; path = "AddCoinCell .swift"; sourceTree = "<group>"; };
		C1591EC92C85E8E0007BA558 /* CoinsViewModel.swift */ = {isa = PBXFileReference; lastKnownFileType = sourcecode.swift; path = CoinsViewModel.swift; sourceTree = "<group>"; };
		C1591ECB2C85FDCA007BA558 /* TabView .swift */ = {isa = PBXFileReference; lastKnownFileType = sourcecode.swift; path = "TabView .swift"; sourceTree = "<group>"; };
		C15BF9862C9484DF00DF6ACB /* Info.plist */ = {isa = PBXFileReference; lastKnownFileType = text.plist; path = Info.plist; sourceTree = "<group>"; };
		C15BF9872C94860500DF6ACB /* UserPortfolioCell .swift */ = {isa = PBXFileReference; lastKnownFileType = sourcecode.swift; path = "UserPortfolioCell .swift"; sourceTree = "<group>"; };
		C15BF9892C94876700DF6ACB /* UserPortfolioView.swift */ = {isa = PBXFileReference; lastKnownFileType = sourcecode.swift; path = UserPortfolioView.swift; sourceTree = "<group>"; };
		C16698732C9C51CB00308311 /* LaunchScreen.storyboard */ = {isa = PBXFileReference; lastKnownFileType = file.storyboard; path = LaunchScreen.storyboard; sourceTree = "<group>"; };
		C16D08DB2C8DCB7600745D51 /* Double.swift */ = {isa = PBXFileReference; lastKnownFileType = sourcecode.swift; path = Double.swift; sourceTree = "<group>"; };
		C16D08DE2C8DDE7C00745D51 /* AppInfo .swift */ = {isa = PBXFileReference; lastKnownFileType = sourcecode.swift; path = "AppInfo .swift"; sourceTree = "<group>"; };
		C18793CE2C81FF24006CCAB6 /* CoinService .swift */ = {isa = PBXFileReference; lastKnownFileType = sourcecode.swift; path = "CoinService .swift"; sourceTree = "<group>"; };
		C18793D02C81FF4D006CCAB6 /* CoinModel.swift */ = {isa = PBXFileReference; lastKnownFileType = sourcecode.swift; path = CoinModel.swift; sourceTree = "<group>"; };
		C18793D22C82022D006CCAB6 /* ErrorCases.swift */ = {isa = PBXFileReference; lastKnownFileType = sourcecode.swift; path = ErrorCases.swift; sourceTree = "<group>"; };
		C18793D42C8204D1006CCAB6 /* HomeViewModel.swift */ = {isa = PBXFileReference; lastKnownFileType = sourcecode.swift; path = HomeViewModel.swift; sourceTree = "<group>"; };
		C18793D62C820910006CCAB6 /* UserBalanceView .swift */ = {isa = PBXFileReference; lastKnownFileType = sourcecode.swift; path = "UserBalanceView .swift"; sourceTree = "<group>"; };
		C19CD3162C8F43CE00F295CB /* FavoritesView.swift */ = {isa = PBXFileReference; lastKnownFileType = sourcecode.swift; path = FavoritesView.swift; sourceTree = "<group>"; };
		C19CD31C2C8F4CB400F295CB /* FavoriteViewModel .swift */ = {isa = PBXFileReference; lastKnownFileType = sourcecode.swift; path = "FavoriteViewModel .swift"; sourceTree = "<group>"; };
		C19CD31E2C8F547800F295CB /* FavoriteCoinsListView .swift */ = {isa = PBXFileReference; lastKnownFileType = sourcecode.swift; path = "FavoriteCoinsListView .swift"; sourceTree = "<group>"; };
		C1A252D92C9320A800C4FB8D /* UserPortfolioContainer.xcdatamodel */ = {isa = PBXFileReference; lastKnownFileType = wrapper.xcdatamodel; path = UserPortfolioContainer.xcdatamodel; sourceTree = "<group>"; };
		C1A252DB2C93218400C4FB8D /* UserPortfolioDataService .swift */ = {isa = PBXFileReference; lastKnownFileType = sourcecode.swift; path = "UserPortfolioDataService .swift"; sourceTree = "<group>"; };
		C1A252DF2C9337DB00C4FB8D /* UserPortfolioModel .swift */ = {isa = PBXFileReference; lastKnownFileType = sourcecode.swift; path = "UserPortfolioModel .swift"; sourceTree = "<group>"; };
		C1B6597B2C8A0F5600DB940E /* LineChartView .swift */ = {isa = PBXFileReference; lastKnownFileType = sourcecode.swift; path = "LineChartView .swift"; sourceTree = "<group>"; };
		C1B6597E2C8A1E6F00DB940E /* Date.swift */ = {isa = PBXFileReference; lastKnownFileType = sourcecode.swift; path = Date.swift; sourceTree = "<group>"; };
		C1B823CD2C99BD24005146B3 /* SplashLaunchScreen.swift */ = {isa = PBXFileReference; lastKnownFileType = sourcecode.swift; path = SplashLaunchScreen.swift; sourceTree = "<group>"; };
		C1B9041A2C8B5BF200F5EF08 /* CoinDetailsView .swift */ = {isa = PBXFileReference; lastKnownFileType = sourcecode.swift; path = "CoinDetailsView .swift"; sourceTree = "<group>"; };
		C1B9041E2C8B677400F5EF08 /* HomeCoinListCell .swift */ = {isa = PBXFileReference; lastKnownFileType = sourcecode.swift; path = "HomeCoinListCell .swift"; sourceTree = "<group>"; };
		C1CC521F2C80E1F10060E47A /* CryptoPocket.app */ = {isa = PBXFileReference; explicitFileType = wrapper.application; includeInIndex = 0; path = CryptoPocket.app; sourceTree = BUILT_PRODUCTS_DIR; };
		C1CC52222C80E1F10060E47A /* CryptoPocketApp.swift */ = {isa = PBXFileReference; lastKnownFileType = sourcecode.swift; path = CryptoPocketApp.swift; sourceTree = "<group>"; };
		C1CC52262C80E1F20060E47A /* Assets.xcassets */ = {isa = PBXFileReference; lastKnownFileType = folder.assetcatalog; path = Assets.xcassets; sourceTree = "<group>"; };
		C1CC52292C80E1F20060E47A /* Preview Assets.xcassets */ = {isa = PBXFileReference; lastKnownFileType = folder.assetcatalog; path = "Preview Assets.xcassets"; sourceTree = "<group>"; };
		C1D0437B2C81F9D000CE1332 /* HeaderView.swift */ = {isa = PBXFileReference; lastKnownFileType = sourcecode.swift; path = HeaderView.swift; sourceTree = "<group>"; };
		C1D0437D2C81FBBB00CE1332 /* HomeView .swift */ = {isa = PBXFileReference; lastKnownFileType = sourcecode.swift; path = "HomeView .swift"; sourceTree = "<group>"; };
		C1DD7D722C87485200EB550C /* FavoriteCoinCell .swift */ = {isa = PBXFileReference; lastKnownFileType = sourcecode.swift; path = "FavoriteCoinCell .swift"; sourceTree = "<group>"; };
		C1DD7D762C8753DB00EB550C /* CoinOverviewView .swift */ = {isa = PBXFileReference; lastKnownFileType = sourcecode.swift; path = "CoinOverviewView .swift"; sourceTree = "<group>"; };
		C1DD7D792C8754D400EB550C /* DetailViewModel .swift */ = {isa = PBXFileReference; lastKnownFileType = sourcecode.swift; path = "DetailViewModel .swift"; sourceTree = "<group>"; };
/* End PBXFileReference section */

/* Begin PBXFrameworksBuildPhase section */
		C1CC521C2C80E1F10060E47A /* Frameworks */ = {
			isa = PBXFrameworksBuildPhase;
			buildActionMask = 2147483647;
			files = (
				C12B072F2C84EABE001CCD61 /* SDWebImageSwiftUI in Frameworks */,
				C1B823CC2C99BD04005146B3 /* Lottie in Frameworks */,
			);
			runOnlyForDeploymentPostprocessing = 0;
		};
/* End PBXFrameworksBuildPhase section */

/* Begin PBXGroup section */
		C12B072B2C84EAA1001CCD61 /* Const */ = {
			isa = PBXGroup;
			children = (
				C12B07302C84EAC9001CCD61 /* Constants.swift */,
			);
			path = Const;
			sourceTree = "<group>";
		};
		C12B072C2C84EAAB001CCD61 /* ImageLoader */ = {
			isa = PBXGroup;
			children = (
				C12B07322C84EB0A001CCD61 /* ImageLoader.swift */,
			);
			path = ImageLoader;
			sourceTree = "<group>";
		};
		C1591EC82C85E8A0007BA558 /* Views */ = {
			isa = PBXGroup;
			children = (
				C12B07362C84F0CF001CCD61 /* TopCoinsList .swift */,
			);
			path = Views;
			sourceTree = "<group>";
		};
		C16698702C9C519800308311 /* LaunchScreen */ = {
			isa = PBXGroup;
			children = (
				C1B823CD2C99BD24005146B3 /* SplashLaunchScreen.swift */,
				C16698732C9C51CB00308311 /* LaunchScreen.storyboard */,
			);
			path = LaunchScreen;
			sourceTree = "<group>";
		};
		C16D08DD2C8DDE6900745D51 /* View */ = {
			isa = PBXGroup;
			children = (
				C16D08DE2C8DDE7C00745D51 /* AppInfo .swift */,
			);
			path = View;
			sourceTree = "<group>";
		};
		C19CD3182C8F4C8100F295CB /* FavoriteCoins  */ = {
			isa = PBXGroup;
			children = (
				C19CD3192C8F4C9900F295CB /* View */,
				C19CD31A2C8F4C9F00F295CB /* ViewModel */,
				C19CD31B2C8F4CA400F295CB /* Components  */,
			);
			path = "FavoriteCoins ";
			sourceTree = "<group>";
		};
		C19CD3192C8F4C9900F295CB /* View */ = {
			isa = PBXGroup;
			children = (
				C19CD3162C8F43CE00F295CB /* FavoritesView.swift */,
				C19CD31E2C8F547800F295CB /* FavoriteCoinsListView .swift */,
			);
			path = View;
			sourceTree = "<group>";
		};
		C19CD31A2C8F4C9F00F295CB /* ViewModel */ = {
			isa = PBXGroup;
			children = (
				C19CD31C2C8F4CB400F295CB /* FavoriteViewModel .swift */,
			);
			path = ViewModel;
			sourceTree = "<group>";
		};
		C19CD31B2C8F4CA400F295CB /* Components  */ = {
			isa = PBXGroup;
			children = (
				C1DD7D722C87485200EB550C /* FavoriteCoinCell .swift */,
			);
			path = "Components ";
			sourceTree = "<group>";
		};
		C1B6597D2C8A1E5E00DB940E /* Extensions */ = {
			isa = PBXGroup;
			children = (
				C1B6597E2C8A1E6F00DB940E /* Date.swift */,
				C16D08DB2C8DCB7600745D51 /* Double.swift */,
			);
			path = Extensions;
			sourceTree = "<group>";
		};
		C1CC52162C80E1F10060E47A = {
			isa = PBXGroup;
			children = (
				C1CC52212C80E1F10060E47A /* CryptoPocket */,
				C1CC52202C80E1F10060E47A /* Products */,
			);
			sourceTree = "<group>";
		};
		C1CC52202C80E1F10060E47A /* Products */ = {
			isa = PBXGroup;
			children = (
				C1CC521F2C80E1F10060E47A /* CryptoPocket.app */,
			);
			name = Products;
			sourceTree = "<group>";
		};
		C1CC52212C80E1F10060E47A /* CryptoPocket */ = {
			isa = PBXGroup;
			children = (
				C15BF9862C9484DF00DF6ACB /* Info.plist */,
				C1B6597D2C8A1E5E00DB940E /* Extensions */,
				C12B072C2C84EAAB001CCD61 /* ImageLoader */,
				C12B072B2C84EAA1001CCD61 /* Const */,
				C1D043762C81F90700CE1332 /* Model */,
				C1D043752C81F90200CE1332 /* Services */,
				C1D0436E2C81F7E100CE1332 /* Views */,
				C1CC52222C80E1F10060E47A /* CryptoPocketApp.swift */,
				C1CC52262C80E1F20060E47A /* Assets.xcassets */,
				C1CC52282C80E1F20060E47A /* Preview Content */,
			);
			path = CryptoPocket;
			sourceTree = "<group>";
		};
		C1CC52282C80E1F20060E47A /* Preview Content */ = {
			isa = PBXGroup;
			children = (
				C1CC52292C80E1F20060E47A /* Preview Assets.xcassets */,
			);
			path = "Preview Content";
			sourceTree = "<group>";
		};
		C1D0436E2C81F7E100CE1332 /* Views */ = {
			isa = PBXGroup;
			children = (
				C16698702C9C519800308311 /* LaunchScreen */,
				C1591ECB2C85FDCA007BA558 /* TabView .swift */,
				C19CD3182C8F4C8100F295CB /* FavoriteCoins  */,
				C1D043722C81F80B00CE1332 /* CoinDetails */,
				C1D043712C81F7FE00CE1332 /* Info */,
				C1D043702C81F7EF00CE1332 /* CoinsList */,
				C1D0436F2C81F7E700CE1332 /* Home */,
			);
			path = Views;
			sourceTree = "<group>";
		};
		C1D0436F2C81F7E700CE1332 /* Home */ = {
			isa = PBXGroup;
			children = (
				C1DD7D712C87481900EB550C /* Views */,
				C1D043792C81F92E00CE1332 /* ViewModel */,
				C1D043782C81F92700CE1332 /* Components */,
			);
			path = Home;
			sourceTree = "<group>";
		};
		C1D043702C81F7EF00CE1332 /* CoinsList */ = {
			isa = PBXGroup;
			children = (
				C1D043732C81F8E300CE1332 /* Components */,
				C1591EC82C85E8A0007BA558 /* Views */,
				C1D0437A2C81F93D00CE1332 /* ViewModel  */,
			);
			path = CoinsList;
			sourceTree = "<group>";
		};
		C1D043712C81F7FE00CE1332 /* Info */ = {
			isa = PBXGroup;
			children = (
				C16D08DD2C8DDE6900745D51 /* View */,
			);
			path = Info;
			sourceTree = "<group>";
		};
		C1D043722C81F80B00CE1332 /* CoinDetails */ = {
			isa = PBXGroup;
			children = (
				C1DD7D782C8754B300EB550C /* ViewModel */,
				C1DD7D752C87515200EB550C /* Components */,
				C1DD7D742C87513A00EB550C /* View */,
			);
			path = CoinDetails;
			sourceTree = "<group>";
		};
		C1D043732C81F8E300CE1332 /* Components */ = {
			isa = PBXGroup;
			children = (
				C12B07342C84EB75001CCD61 /* CoinListCell .swift */,
			);
			path = Components;
			sourceTree = "<group>";
		};
		C1D043752C81F90200CE1332 /* Services */ = {
			isa = PBXGroup;
			children = (
				C18793CE2C81FF24006CCAB6 /* CoinService .swift */,
				C18793D22C82022D006CCAB6 /* ErrorCases.swift */,
				C1A252DB2C93218400C4FB8D /* UserPortfolioDataService .swift */,
			);
			path = Services;
			sourceTree = "<group>";
		};
		C1D043762C81F90700CE1332 /* Model */ = {
			isa = PBXGroup;
			children = (
				C18793D02C81FF4D006CCAB6 /* CoinModel.swift */,
				C1A252D82C9320A800C4FB8D /* UserPortfolioContainer.xcdatamodeld */,
				C1A252DF2C9337DB00C4FB8D /* UserPortfolioModel .swift */,
			);
			path = Model;
			sourceTree = "<group>";
		};
		C1D043782C81F92700CE1332 /* Components */ = {
			isa = PBXGroup;
			children = (
				C1B9041E2C8B677400F5EF08 /* HomeCoinListCell .swift */,
				C15818492C91C0EA007BBE2E /* AddCoinCell .swift */,
				C15BF9872C94860500DF6ACB /* UserPortfolioCell .swift */,
			);
			path = Components;
			sourceTree = "<group>";
		};
		C1D043792C81F92E00CE1332 /* ViewModel */ = {
			isa = PBXGroup;
			children = (
				C18793D42C8204D1006CCAB6 /* HomeViewModel.swift */,
			);
			path = ViewModel;
			sourceTree = "<group>";
		};
		C1D0437A2C81F93D00CE1332 /* ViewModel  */ = {
			isa = PBXGroup;
			children = (
				C1591EC92C85E8E0007BA558 /* CoinsViewModel.swift */,
			);
			path = "ViewModel ";
			sourceTree = "<group>";
		};
		C1DD7D712C87481900EB550C /* Views */ = {
			isa = PBXGroup;
			children = (
				C1D0437D2C81FBBB00CE1332 /* HomeView .swift */,
				C18793D62C820910006CCAB6 /* UserBalanceView .swift */,
				C1D0437B2C81F9D000CE1332 /* HeaderView.swift */,
				C15818472C91BF95007BBE2E /* AddCoinView.swift */,
				C15BF9892C94876700DF6ACB /* UserPortfolioView.swift */,
			);
			path = Views;
			sourceTree = "<group>";
		};
		C1DD7D742C87513A00EB550C /* View */ = {
			isa = PBXGroup;
			children = (
				C1B9041A2C8B5BF200F5EF08 /* CoinDetailsView .swift */,
			);
			path = View;
			sourceTree = "<group>";
		};
		C1DD7D752C87515200EB550C /* Components */ = {
			isa = PBXGroup;
			children = (
				C1DD7D762C8753DB00EB550C /* CoinOverviewView .swift */,
				C1B6597B2C8A0F5600DB940E /* LineChartView .swift */,
			);
			path = Components;
			sourceTree = "<group>";
		};
		C1DD7D782C8754B300EB550C /* ViewModel */ = {
			isa = PBXGroup;
			children = (
				C1DD7D792C8754D400EB550C /* DetailViewModel .swift */,
			);
			path = ViewModel;
			sourceTree = "<group>";
		};
/* End PBXGroup section */

/* Begin PBXNativeTarget section */
		C1CC521E2C80E1F10060E47A /* CryptoPocket */ = {
			isa = PBXNativeTarget;
			buildConfigurationList = C1CC522D2C80E1F20060E47A /* Build configuration list for PBXNativeTarget "CryptoPocket" */;
			buildPhases = (
				C1CC521B2C80E1F10060E47A /* Sources */,
				C1CC521C2C80E1F10060E47A /* Frameworks */,
				C1CC521D2C80E1F10060E47A /* Resources */,
			);
			buildRules = (
			);
			dependencies = (
			);
			name = CryptoPocket;
			packageProductDependencies = (
				C12B072E2C84EABE001CCD61 /* SDWebImageSwiftUI */,
				C1B823CB2C99BD04005146B3 /* Lottie */,
			);
			productName = CryptoPocket;
			productReference = C1CC521F2C80E1F10060E47A /* CryptoPocket.app */;
			productType = "com.apple.product-type.application";
		};
/* End PBXNativeTarget section */

/* Begin PBXProject section */
		C1CC52172C80E1F10060E47A /* Project object */ = {
			isa = PBXProject;
			attributes = {
				BuildIndependentTargetsInParallel = 1;
				LastSwiftUpdateCheck = 1540;
				LastUpgradeCheck = 1540;
				TargetAttributes = {
					C1CC521E2C80E1F10060E47A = {
						CreatedOnToolsVersion = 15.4;
					};
				};
			};
			buildConfigurationList = C1CC521A2C80E1F10060E47A /* Build configuration list for PBXProject "CryptoPocket" */;
			compatibilityVersion = "Xcode 14.0";
			developmentRegion = en;
			hasScannedForEncodings = 0;
			knownRegions = (
				en,
				Base,
			);
			mainGroup = C1CC52162C80E1F10060E47A;
			packageReferences = (
				C12B072D2C84EABE001CCD61 /* XCRemoteSwiftPackageReference "SDWebImageSwiftUI" */,
				C1B823CA2C99BD04005146B3 /* XCRemoteSwiftPackageReference "lottie-ios" */,
			);
			productRefGroup = C1CC52202C80E1F10060E47A /* Products */;
			projectDirPath = "";
			projectRoot = "";
			targets = (
				C1CC521E2C80E1F10060E47A /* CryptoPocket */,
			);
		};
/* End PBXProject section */

/* Begin PBXResourcesBuildPhase section */
		C1CC521D2C80E1F10060E47A /* Resources */ = {
			isa = PBXResourcesBuildPhase;
			buildActionMask = 2147483647;
			files = (
				C16698742C9C51CB00308311 /* LaunchScreen.storyboard in Resources */,
				C1CC522A2C80E1F20060E47A /* Preview Assets.xcassets in Resources */,
				C1CC52272C80E1F20060E47A /* Assets.xcassets in Resources */,
			);
			runOnlyForDeploymentPostprocessing = 0;
		};
/* End PBXResourcesBuildPhase section */

/* Begin PBXSourcesBuildPhase section */
		C1CC521B2C80E1F10060E47A /* Sources */ = {
			isa = PBXSourcesBuildPhase;
			buildActionMask = 2147483647;
			files = (
				C19CD31D2C8F4CB400F295CB /* FavoriteViewModel .swift in Sources */,
				C18793D32C82022D006CCAB6 /* ErrorCases.swift in Sources */,
				C18793D72C820910006CCAB6 /* UserBalanceView .swift in Sources */,
				C158184A2C91C0EA007BBE2E /* AddCoinCell .swift in Sources */,
				C1A252E02C9337DB00C4FB8D /* UserPortfolioModel .swift in Sources */,
				C15818482C91BF95007BBE2E /* AddCoinView.swift in Sources */,
				C12B07332C84EB0A001CCD61 /* ImageLoader.swift in Sources */,
				C19CD31F2C8F547800F295CB /* FavoriteCoinsListView .swift in Sources */,
				C1B6597C2C8A0F5600DB940E /* LineChartView .swift in Sources */,
				C18793CF2C81FF24006CCAB6 /* CoinService .swift in Sources */,
				C18793D52C8204D1006CCAB6 /* HomeViewModel.swift in Sources */,
				C12B07372C84F0CF001CCD61 /* TopCoinsList .swift in Sources */,
				C1DD7D732C87485200EB550C /* FavoriteCoinCell .swift in Sources */,
				C1591ECA2C85E8E0007BA558 /* CoinsViewModel.swift in Sources */,
				C1591ECC2C85FDCA007BA558 /* TabView .swift in Sources */,
				C16D08DF2C8DDE7C00745D51 /* AppInfo .swift in Sources */,
				C15BF9882C94860500DF6ACB /* UserPortfolioCell .swift in Sources */,
				C1B823CE2C99BD24005146B3 /* SplashLaunchScreen.swift in Sources */,
				C1CC52232C80E1F10060E47A /* CryptoPocketApp.swift in Sources */,
				C1B9041B2C8B5BF200F5EF08 /* CoinDetailsView .swift in Sources */,
				C1B6597F2C8A1E6F00DB940E /* Date.swift in Sources */,
				C1A252DA2C9320A800C4FB8D /* UserPortfolioContainer.xcdatamodeld in Sources */,
				C1D0437E2C81FBBB00CE1332 /* HomeView .swift in Sources */,
				C18793D12C81FF4D006CCAB6 /* CoinModel.swift in Sources */,
				C1DD7D7A2C8754D400EB550C /* DetailViewModel .swift in Sources */,
				C1B9041F2C8B677400F5EF08 /* HomeCoinListCell .swift in Sources */,
				C15BF98A2C94876700DF6ACB /* UserPortfolioView.swift in Sources */,
				C1D0437C2C81F9D000CE1332 /* HeaderView.swift in Sources */,
				C1A252DC2C93218400C4FB8D /* UserPortfolioDataService .swift in Sources */,
				C1DD7D772C8753DB00EB550C /* CoinOverviewView .swift in Sources */,
				C19CD3172C8F43CE00F295CB /* FavoritesView.swift in Sources */,
				C12B07352C84EB75001CCD61 /* CoinListCell .swift in Sources */,
				C16D08DC2C8DCB7600745D51 /* Double.swift in Sources */,
				C12B07312C84EAC9001CCD61 /* Constants.swift in Sources */,
			);
			runOnlyForDeploymentPostprocessing = 0;
		};
/* End PBXSourcesBuildPhase section */

/* Begin XCBuildConfiguration section */
		C1CC522B2C80E1F20060E47A /* Debug */ = {
			isa = XCBuildConfiguration;
			buildSettings = {
				ALWAYS_SEARCH_USER_PATHS = NO;
				ASSETCATALOG_COMPILER_GENERATE_SWIFT_ASSET_SYMBOL_EXTENSIONS = YES;
				CLANG_ANALYZER_NONNULL = YES;
				CLANG_ANALYZER_NUMBER_OBJECT_CONVERSION = YES_AGGRESSIVE;
				CLANG_CXX_LANGUAGE_STANDARD = "gnu++20";
				CLANG_ENABLE_MODULES = YES;
				CLANG_ENABLE_OBJC_ARC = YES;
				CLANG_ENABLE_OBJC_WEAK = YES;
				CLANG_WARN_BLOCK_CAPTURE_AUTORELEASING = YES;
				CLANG_WARN_BOOL_CONVERSION = YES;
				CLANG_WARN_COMMA = YES;
				CLANG_WARN_CONSTANT_CONVERSION = YES;
				CLANG_WARN_DEPRECATED_OBJC_IMPLEMENTATIONS = YES;
				CLANG_WARN_DIRECT_OBJC_ISA_USAGE = YES_ERROR;
				CLANG_WARN_DOCUMENTATION_COMMENTS = YES;
				CLANG_WARN_EMPTY_BODY = YES;
				CLANG_WARN_ENUM_CONVERSION = YES;
				CLANG_WARN_INFINITE_RECURSION = YES;
				CLANG_WARN_INT_CONVERSION = YES;
				CLANG_WARN_NON_LITERAL_NULL_CONVERSION = YES;
				CLANG_WARN_OBJC_IMPLICIT_RETAIN_SELF = YES;
				CLANG_WARN_OBJC_LITERAL_CONVERSION = YES;
				CLANG_WARN_OBJC_ROOT_CLASS = YES_ERROR;
				CLANG_WARN_QUOTED_INCLUDE_IN_FRAMEWORK_HEADER = YES;
				CLANG_WARN_RANGE_LOOP_ANALYSIS = YES;
				CLANG_WARN_STRICT_PROTOTYPES = YES;
				CLANG_WARN_SUSPICIOUS_MOVE = YES;
				CLANG_WARN_UNGUARDED_AVAILABILITY = YES_AGGRESSIVE;
				CLANG_WARN_UNREACHABLE_CODE = YES;
				CLANG_WARN__DUPLICATE_METHOD_MATCH = YES;
				COPY_PHASE_STRIP = NO;
				DEBUG_INFORMATION_FORMAT = dwarf;
				ENABLE_STRICT_OBJC_MSGSEND = YES;
				ENABLE_TESTABILITY = YES;
				ENABLE_USER_SCRIPT_SANDBOXING = YES;
				GCC_C_LANGUAGE_STANDARD = gnu17;
				GCC_DYNAMIC_NO_PIC = NO;
				GCC_NO_COMMON_BLOCKS = YES;
				GCC_OPTIMIZATION_LEVEL = 0;
				GCC_PREPROCESSOR_DEFINITIONS = (
					"DEBUG=1",
					"$(inherited)",
				);
				GCC_WARN_64_TO_32_BIT_CONVERSION = YES;
				GCC_WARN_ABOUT_RETURN_TYPE = YES_ERROR;
				GCC_WARN_UNDECLARED_SELECTOR = YES;
				GCC_WARN_UNINITIALIZED_AUTOS = YES_AGGRESSIVE;
				GCC_WARN_UNUSED_FUNCTION = YES;
				GCC_WARN_UNUSED_VARIABLE = YES;
				IPHONEOS_DEPLOYMENT_TARGET = 17.5;
				LOCALIZATION_PREFERS_STRING_CATALOGS = YES;
				MTL_ENABLE_DEBUG_INFO = INCLUDE_SOURCE;
				MTL_FAST_MATH = YES;
				ONLY_ACTIVE_ARCH = YES;
				SDKROOT = iphoneos;
				SWIFT_ACTIVE_COMPILATION_CONDITIONS = "DEBUG $(inherited)";
				SWIFT_OPTIMIZATION_LEVEL = "-Onone";
			};
			name = Debug;
		};
		C1CC522C2C80E1F20060E47A /* Release */ = {
			isa = XCBuildConfiguration;
			buildSettings = {
				ALWAYS_SEARCH_USER_PATHS = NO;
				ASSETCATALOG_COMPILER_GENERATE_SWIFT_ASSET_SYMBOL_EXTENSIONS = YES;
				CLANG_ANALYZER_NONNULL = YES;
				CLANG_ANALYZER_NUMBER_OBJECT_CONVERSION = YES_AGGRESSIVE;
				CLANG_CXX_LANGUAGE_STANDARD = "gnu++20";
				CLANG_ENABLE_MODULES = YES;
				CLANG_ENABLE_OBJC_ARC = YES;
				CLANG_ENABLE_OBJC_WEAK = YES;
				CLANG_WARN_BLOCK_CAPTURE_AUTORELEASING = YES;
				CLANG_WARN_BOOL_CONVERSION = YES;
				CLANG_WARN_COMMA = YES;
				CLANG_WARN_CONSTANT_CONVERSION = YES;
				CLANG_WARN_DEPRECATED_OBJC_IMPLEMENTATIONS = YES;
				CLANG_WARN_DIRECT_OBJC_ISA_USAGE = YES_ERROR;
				CLANG_WARN_DOCUMENTATION_COMMENTS = YES;
				CLANG_WARN_EMPTY_BODY = YES;
				CLANG_WARN_ENUM_CONVERSION = YES;
				CLANG_WARN_INFINITE_RECURSION = YES;
				CLANG_WARN_INT_CONVERSION = YES;
				CLANG_WARN_NON_LITERAL_NULL_CONVERSION = YES;
				CLANG_WARN_OBJC_IMPLICIT_RETAIN_SELF = YES;
				CLANG_WARN_OBJC_LITERAL_CONVERSION = YES;
				CLANG_WARN_OBJC_ROOT_CLASS = YES_ERROR;
				CLANG_WARN_QUOTED_INCLUDE_IN_FRAMEWORK_HEADER = YES;
				CLANG_WARN_RANGE_LOOP_ANALYSIS = YES;
				CLANG_WARN_STRICT_PROTOTYPES = YES;
				CLANG_WARN_SUSPICIOUS_MOVE = YES;
				CLANG_WARN_UNGUARDED_AVAILABILITY = YES_AGGRESSIVE;
				CLANG_WARN_UNREACHABLE_CODE = YES;
				CLANG_WARN__DUPLICATE_METHOD_MATCH = YES;
				COPY_PHASE_STRIP = NO;
				DEBUG_INFORMATION_FORMAT = "dwarf-with-dsym";
				ENABLE_NS_ASSERTIONS = NO;
				ENABLE_STRICT_OBJC_MSGSEND = YES;
				ENABLE_USER_SCRIPT_SANDBOXING = YES;
				GCC_C_LANGUAGE_STANDARD = gnu17;
				GCC_NO_COMMON_BLOCKS = YES;
				GCC_WARN_64_TO_32_BIT_CONVERSION = YES;
				GCC_WARN_ABOUT_RETURN_TYPE = YES_ERROR;
				GCC_WARN_UNDECLARED_SELECTOR = YES;
				GCC_WARN_UNINITIALIZED_AUTOS = YES_AGGRESSIVE;
				GCC_WARN_UNUSED_FUNCTION = YES;
				GCC_WARN_UNUSED_VARIABLE = YES;
				IPHONEOS_DEPLOYMENT_TARGET = 17.5;
				LOCALIZATION_PREFERS_STRING_CATALOGS = YES;
				MTL_ENABLE_DEBUG_INFO = NO;
				MTL_FAST_MATH = YES;
				SDKROOT = iphoneos;
				SWIFT_COMPILATION_MODE = wholemodule;
				VALIDATE_PRODUCT = YES;
			};
			name = Release;
		};
		C1CC522E2C80E1F20060E47A /* Debug */ = {
			isa = XCBuildConfiguration;
			buildSettings = {
				ASSETCATALOG_COMPILER_APPICON_NAME = AppIcon;
				ASSETCATALOG_COMPILER_GLOBAL_ACCENT_COLOR_NAME = AccentColor;
				CODE_SIGN_STYLE = Automatic;
				CURRENT_PROJECT_VERSION = 1;
				DEVELOPMENT_ASSET_PATHS = "\"CryptoPocket/Preview Content\"";
				DEVELOPMENT_TEAM = ZQ7FA3QJBQ;
				ENABLE_PREVIEWS = YES;
				GENERATE_INFOPLIST_FILE = YES;
				INFOPLIST_FILE = CryptoPocket/Info.plist;
				INFOPLIST_KEY_UIApplicationSceneManifest_Generation = YES;
				INFOPLIST_KEY_UIApplicationSupportsIndirectInputEvents = YES;
				INFOPLIST_KEY_UILaunchScreen_Generation = YES;
				INFOPLIST_KEY_UISupportedInterfaceOrientations_iPad = "UIInterfaceOrientationPortrait UIInterfaceOrientationPortraitUpsideDown UIInterfaceOrientationLandscapeLeft UIInterfaceOrientationLandscapeRight";
				INFOPLIST_KEY_UISupportedInterfaceOrientations_iPhone = "UIInterfaceOrientationPortrait UIInterfaceOrientationLandscapeLeft UIInterfaceOrientationLandscapeRight";
				LD_RUNPATH_SEARCH_PATHS = (
					"$(inherited)",
					"@executable_path/Frameworks",
				);
				MARKETING_VERSION = 1.0;
				PRODUCT_BUNDLE_IDENTIFIER = com.mateuszkrowczynski.CryptoPocket;
				PRODUCT_NAME = "$(TARGET_NAME)";
				SWIFT_EMIT_LOC_STRINGS = YES;
				SWIFT_VERSION = 5.0;
				TARGETED_DEVICE_FAMILY = "1,2";
			};
			name = Debug;
		};
		C1CC522F2C80E1F20060E47A /* Release */ = {
			isa = XCBuildConfiguration;
			buildSettings = {
				ASSETCATALOG_COMPILER_APPICON_NAME = AppIcon;
				ASSETCATALOG_COMPILER_GLOBAL_ACCENT_COLOR_NAME = AccentColor;
				CODE_SIGN_STYLE = Automatic;
				CURRENT_PROJECT_VERSION = 1;
				DEVELOPMENT_ASSET_PATHS = "\"CryptoPocket/Preview Content\"";
				DEVELOPMENT_TEAM = ZQ7FA3QJBQ;
				ENABLE_PREVIEWS = YES;
				GENERATE_INFOPLIST_FILE = YES;
				INFOPLIST_FILE = CryptoPocket/Info.plist;
				INFOPLIST_KEY_UIApplicationSceneManifest_Generation = YES;
				INFOPLIST_KEY_UIApplicationSupportsIndirectInputEvents = YES;
				INFOPLIST_KEY_UILaunchScreen_Generation = YES;
				INFOPLIST_KEY_UISupportedInterfaceOrientations_iPad = "UIInterfaceOrientationPortrait UIInterfaceOrientationPortraitUpsideDown UIInterfaceOrientationLandscapeLeft UIInterfaceOrientationLandscapeRight";
				INFOPLIST_KEY_UISupportedInterfaceOrientations_iPhone = "UIInterfaceOrientationPortrait UIInterfaceOrientationLandscapeLeft UIInterfaceOrientationLandscapeRight";
				LD_RUNPATH_SEARCH_PATHS = (
					"$(inherited)",
					"@executable_path/Frameworks",
				);
				MARKETING_VERSION = 1.0;
				PRODUCT_BUNDLE_IDENTIFIER = com.mateuszkrowczynski.CryptoPocket;
				PRODUCT_NAME = "$(TARGET_NAME)";
				SWIFT_EMIT_LOC_STRINGS = YES;
				SWIFT_VERSION = 5.0;
				TARGETED_DEVICE_FAMILY = "1,2";
			};
			name = Release;
		};
/* End XCBuildConfiguration section */

/* Begin XCConfigurationList section */
		C1CC521A2C80E1F10060E47A /* Build configuration list for PBXProject "CryptoPocket" */ = {
			isa = XCConfigurationList;
			buildConfigurations = (
				C1CC522B2C80E1F20060E47A /* Debug */,
				C1CC522C2C80E1F20060E47A /* Release */,
			);
			defaultConfigurationIsVisible = 0;
			defaultConfigurationName = Release;
		};
		C1CC522D2C80E1F20060E47A /* Build configuration list for PBXNativeTarget "CryptoPocket" */ = {
			isa = XCConfigurationList;
			buildConfigurations = (
				C1CC522E2C80E1F20060E47A /* Debug */,
				C1CC522F2C80E1F20060E47A /* Release */,
			);
			defaultConfigurationIsVisible = 0;
			defaultConfigurationName = Release;
		};
/* End XCConfigurationList section */

/* Begin XCRemoteSwiftPackageReference section */
		C12B072D2C84EABE001CCD61 /* XCRemoteSwiftPackageReference "SDWebImageSwiftUI" */ = {
			isa = XCRemoteSwiftPackageReference;
			repositoryURL = "https://github.com/SDWebImage/SDWebImageSwiftUI.git";
			requirement = {
				kind = upToNextMajorVersion;
				minimumVersion = 3.1.2;
			};
		};
		C1B823CA2C99BD04005146B3 /* XCRemoteSwiftPackageReference "lottie-ios" */ = {
			isa = XCRemoteSwiftPackageReference;
			repositoryURL = "https://github.com/airbnb/lottie-ios.git";
			requirement = {
				kind = upToNextMajorVersion;
				minimumVersion = 4.5.0;
			};
		};
/* End XCRemoteSwiftPackageReference section */

/* Begin XCSwiftPackageProductDependency section */
		C12B072E2C84EABE001CCD61 /* SDWebImageSwiftUI */ = {
			isa = XCSwiftPackageProductDependency;
			package = C12B072D2C84EABE001CCD61 /* XCRemoteSwiftPackageReference "SDWebImageSwiftUI" */;
			productName = SDWebImageSwiftUI;
		};
		C1B823CB2C99BD04005146B3 /* Lottie */ = {
			isa = XCSwiftPackageProductDependency;
			package = C1B823CA2C99BD04005146B3 /* XCRemoteSwiftPackageReference "lottie-ios" */;
			productName = Lottie;
		};
/* End XCSwiftPackageProductDependency section */

/* Begin XCVersionGroup section */
		C1A252D82C9320A800C4FB8D /* UserPortfolioContainer.xcdatamodeld */ = {
			isa = XCVersionGroup;
			children = (
				C1A252D92C9320A800C4FB8D /* UserPortfolioContainer.xcdatamodel */,
			);
			currentVersion = C1A252D92C9320A800C4FB8D /* UserPortfolioContainer.xcdatamodel */;
			path = UserPortfolioContainer.xcdatamodeld;
			sourceTree = "<group>";
			versionGroupType = wrapper.xcdatamodel;
		};
/* End XCVersionGroup section */
	};
	rootObject = C1CC52172C80E1F10060E47A /* Project object */;
}
